
Microsoft Visual Studio Solution File, Format Version 12.00
# Visual Studio Version 17
VisualStudioVersion = 17.13.35825.156 d17.13
MinimumVisualStudioVersion = 10.0.40219.1
Project("{FAE04EC0-301F-11D3-BF4B-00C04F79EFBC}") = "MyCrypto", "MyCrypto\MyCrypto.csproj", "{E6831D6D-E52E-4081-842E-EB8BFB23B791}"
EndProject
Global
	GlobalSection(SolutionConfigurationPlatforms) = preSolution
		Debug|Any CPU = Debug|Any CPU
		Release|Any CPU = Release|Any CPU
	EndGlobalSection
	GlobalSection(ProjectConfigurationPlatforms) = postSolution
		{E6831D6D-E52E-4081-842E-EB8BFB23B791}.Debug|Any CPU.ActiveCfg = Debug|Any CPU
		{E6831D6D-E52E-4081-842E-EB8BFB23B791}.Debug|Any CPU.Build.0 = Debug|Any CPU
		{E6831D6D-E52E-4081-842E-EB8BFB23B791}.Release|Any CPU.ActiveCfg = Release|Any CPU
		{E6831D6D-E52E-4081-842E-EB8BFB23B791}.Release|Any CPU.Build.0 = Release|Any CPU
	EndGlobalSection
	GlobalSection(SolutionProperties) = preSolution
		HideSolutionNode = FALSE
	EndGlobalSection
	GlobalSection(ExtensibilityGlobals) = postSolution
		SolutionGuid = {EC4102A9-4B78-4269-B1FC-E2A7FCC91F3D}
	EndGlobalSection
EndGlobal
